github.com/rwcarlsen/goexif v0.0.0-20190401172101-9e8deecbddbd h1:CmH9+J6ZSsIjUK3dcGsnCnO41eRBOnY12zwkn5qVwgc=
github.com/rwcarlsen/goexif v0.0.0-20190401172101-9e8deecbddbd/go.mod h1:hPqNNc0+uJM6H+SuU8sEs5K5IQeKccPqeSjfgcKGgPk=
golang.org/x/sync v0.19.0 h1:vV+1eWNmZ5geRlYjzm2adRgW2/mcpevXNg50YZtPCE4=
golang.org/x/sync v0.19.0/go.mod h1:9KTHXmSnoGruLpwFjVSX0lNNA75CykiMECbovNTZqGI=
gopkg.in/gographics/imagick.v3 v3.7.2 h1:PmsYCf60YS/7f1omBTDaoS6yp4817Wv61S0JpWH4cMc=
gopkg.in/gographics/imagick.v3 v3.7.2/go.mod h1:7I4S9VWdwr88yzYi7g+ZL4H8oZuH9cmSQI7GsZCcYFM=
